// !$*UTF8*$!
{
	archiveVersion = 1;
	classes = {
	};
	objectVersion = 50;
	objects = {

/* Begin PBXBuildFile section */
		52EB736D2092676E003E8D00 /* PDFRendererProvider.framework in Frameworks */ = {isa = PBXBuildFile; fileRef = 52EB73632092676D003E8D00 /* PDFRendererProvider.framework */; };
		52EB73722092676E003E8D00 /* MinitexPDFProtocolsTests.swift in Sources */ = {isa = PBXBuildFile; fileRef = 52EB73712092676E003E8D00 /* MinitexPDFProtocolsTests.swift */; };
		52EB73742092676E003E8D00 /* MinitexPDFProtocols.h in Headers */ = {isa = PBXBuildFile; fileRef = 52EB73662092676E003E8D00 /* MinitexPDFProtocols.h */; settings = {ATTRIBUTES = (Public, ); }; };
		52EB737E2092678D003E8D00 /* MinitexPDFProtocols.swift in Sources */ = {isa = PBXBuildFile; fileRef = 52EB737D2092678D003E8D00 /* MinitexPDFProtocols.swift */; };
		A9CC610B22331B3A0035C722 /* DefaultMinitexImplementations.swift in Sources */ = {isa = PBXBuildFile; fileRef = A9CC610A22331B3A0035C722 /* DefaultMinitexImplementations.swift */; };
		A9F4ED242232E8A3009B43BE /* ThumbnailGridCell.swift in Sources */ = {isa = PBXBuildFile; fileRef = A9F4ED122232E8A2009B43BE /* ThumbnailGridCell.swift */; };
		A9F4ED252232E8A3009B43BE /* BookViewController.swift in Sources */ = {isa = PBXBuildFile; fileRef = A9F4ED132232E8A2009B43BE /* BookViewController.swift */; };
		A9F4ED272232E8A3009B43BE /* OutlineCell.swift in Sources */ = {isa = PBXBuildFile; fileRef = A9F4ED152232E8A2009B43BE /* OutlineCell.swift */; };
		A9F4ED282232E8A3009B43BE /* Main.storyboard in Resources */ = {isa = PBXBuildFile; fileRef = A9F4ED162232E8A2009B43BE /* Main.storyboard */; };
		A9F4ED292232E8A3009B43BE /* AppearanceViewController.swift in Sources */ = {isa = PBXBuildFile; fileRef = A9F4ED172232E8A2009B43BE /* AppearanceViewController.swift */; };
		A9F4ED2A2232E8A3009B43BE /* OutlineViewController.swift in Sources */ = {isa = PBXBuildFile; fileRef = A9F4ED182232E8A2009B43BE /* OutlineViewController.swift */; };
		A9F4ED2B2232E8A3009B43BE /* Assets.xcassets in Resources */ = {isa = PBXBuildFile; fileRef = A9F4ED192232E8A2009B43BE /* Assets.xcassets */; };
		A9F4ED2C2232E8A3009B43BE /* SearchResultsCell.swift in Sources */ = {isa = PBXBuildFile; fileRef = A9F4ED1A2232E8A2009B43BE /* SearchResultsCell.swift */; };
		A9F4ED2D2232E8A3009B43BE /* SearchViewController.swift in Sources */ = {isa = PBXBuildFile; fileRef = A9F4ED1B2232E8A2009B43BE /* SearchViewController.swift */; };
		A9F4ED2E2232E8A3009B43BE /* ThumbnailGridViewController.swift in Sources */ = {isa = PBXBuildFile; fileRef = A9F4ED1C2232E8A2009B43BE /* ThumbnailGridViewController.swift */; };
		A9F4ED2F2232E8A3009B43BE /* BookshelfCell.swift in Sources */ = {isa = PBXBuildFile; fileRef = A9F4ED1D2232E8A3009B43BE /* BookshelfCell.swift */; };
		A9F4ED302232E8A3009B43BE /* ThumbnailGridCell.xib in Resources */ = {isa = PBXBuildFile; fileRef = A9F4ED1E2232E8A3009B43BE /* ThumbnailGridCell.xib */; };
		A9F4ED312232E8A3009B43BE /* BookshelfViewController.swift in Sources */ = {isa = PBXBuildFile; fileRef = A9F4ED1F2232E8A3009B43BE /* BookshelfViewController.swift */; };
		A9F4ED332232E8A3009B43BE /* SearchResultsCell.xib in Resources */ = {isa = PBXBuildFile; fileRef = A9F4ED212232E8A3009B43BE /* SearchResultsCell.xib */; };
		A9F4ED342232E8A3009B43BE /* LaunchScreen.storyboard in Resources */ = {isa = PBXBuildFile; fileRef = A9F4ED222232E8A3009B43BE /* LaunchScreen.storyboard */; };
		A9F4ED352232E8A3009B43BE /* BookmarkViewController.swift in Sources */ = {isa = PBXBuildFile; fileRef = A9F4ED232232E8A3009B43BE /* BookmarkViewController.swift */; };
		A9F4ED392232F74D009B43BE /* MinitexUtilities.swift in Sources */ = {isa = PBXBuildFile; fileRef = A9F4ED382232F74D009B43BE /* MinitexUtilities.swift */; };
/* End PBXBuildFile section */

/* Begin PBXContainerItemProxy section */
		52EB736E2092676E003E8D00 /* PBXContainerItemProxy */ = {
			isa = PBXContainerItemProxy;
			containerPortal = 52EB735A2092676D003E8D00 /* Project object */;
			proxyType = 1;
			remoteGlobalIDString = 52EB73622092676D003E8D00;
			remoteInfo = MinitexPDFProtocols;
		};
/* End PBXContainerItemProxy section */

/* Begin PBXFileReference section */
		52EB73632092676D003E8D00 /* PDFRendererProvider.framework */ = {isa = PBXFileReference; explicitFileType = wrapper.framework; includeInIndex = 0; path = PDFRendererProvider.framework; sourceTree = BUILT_PRODUCTS_DIR; };
		52EB73662092676E003E8D00 /* MinitexPDFProtocols.h */ = {isa = PBXFileReference; lastKnownFileType = sourcecode.c.h; path = MinitexPDFProtocols.h; sourceTree = "<group>"; };
		52EB73672092676E003E8D00 /* Info.plist */ = {isa = PBXFileReference; lastKnownFileType = text.plist.xml; path = Info.plist; sourceTree = "<group>"; };
		52EB736C2092676E003E8D00 /* PDFRendererProviderTests.xctest */ = {isa = PBXFileReference; explicitFileType = wrapper.cfbundle; includeInIndex = 0; path = PDFRendererProviderTests.xctest; sourceTree = BUILT_PRODUCTS_DIR; };
		52EB73712092676E003E8D00 /* MinitexPDFProtocolsTests.swift */ = {isa = PBXFileReference; lastKnownFileType = sourcecode.swift; path = MinitexPDFProtocolsTests.swift; sourceTree = "<group>"; };
		52EB73732092676E003E8D00 /* Info.plist */ = {isa = PBXFileReference; lastKnownFileType = text.plist.xml; path = Info.plist; sourceTree = "<group>"; };
		52EB737D2092678D003E8D00 /* MinitexPDFProtocols.swift */ = {isa = PBXFileReference; lastKnownFileType = sourcecode.swift; path = MinitexPDFProtocols.swift; sourceTree = "<group>"; };
		A9CC610A22331B3A0035C722 /* DefaultMinitexImplementations.swift */ = {isa = PBXFileReference; lastKnownFileType = sourcecode.swift; path = DefaultMinitexImplementations.swift; sourceTree = "<group>"; };
		A9F4ED122232E8A2009B43BE /* ThumbnailGridCell.swift */ = {isa = PBXFileReference; fileEncoding = 4; lastKnownFileType = sourcecode.swift; path = ThumbnailGridCell.swift; sourceTree = "<group>"; };
		A9F4ED132232E8A2009B43BE /* BookViewController.swift */ = {isa = PBXFileReference; fileEncoding = 4; lastKnownFileType = sourcecode.swift; path = BookViewController.swift; sourceTree = "<group>"; };
		A9F4ED152232E8A2009B43BE /* OutlineCell.swift */ = {isa = PBXFileReference; fileEncoding = 4; lastKnownFileType = sourcecode.swift; path = OutlineCell.swift; sourceTree = "<group>"; };
		A9F4ED162232E8A2009B43BE /* Main.storyboard */ = {isa = PBXFileReference; fileEncoding = 4; lastKnownFileType = file.storyboard; path = Main.storyboard; sourceTree = "<group>"; };
		A9F4ED172232E8A2009B43BE /* AppearanceViewController.swift */ = {isa = PBXFileReference; fileEncoding = 4; lastKnownFileType = sourcecode.swift; path = AppearanceViewController.swift; sourceTree = "<group>"; };
		A9F4ED182232E8A2009B43BE /* OutlineViewController.swift */ = {isa = PBXFileReference; fileEncoding = 4; lastKnownFileType = sourcecode.swift; path = OutlineViewController.swift; sourceTree = "<group>"; };
		A9F4ED192232E8A2009B43BE /* Assets.xcassets */ = {isa = PBXFileReference; lastKnownFileType = folder.assetcatalog; path = Assets.xcassets; sourceTree = "<group>"; };
		A9F4ED1A2232E8A2009B43BE /* SearchResultsCell.swift */ = {isa = PBXFileReference; fileEncoding = 4; lastKnownFileType = sourcecode.swift; path = SearchResultsCell.swift; sourceTree = "<group>"; };
		A9F4ED1B2232E8A2009B43BE /* SearchViewController.swift */ = {isa = PBXFileReference; fileEncoding = 4; lastKnownFileType = sourcecode.swift; path = SearchViewController.swift; sourceTree = "<group>"; };
		A9F4ED1C2232E8A2009B43BE /* ThumbnailGridViewController.swift */ = {isa = PBXFileReference; fileEncoding = 4; lastKnownFileType = sourcecode.swift; path = ThumbnailGridViewController.swift; sourceTree = "<group>"; };
		A9F4ED1D2232E8A3009B43BE /* BookshelfCell.swift */ = {isa = PBXFileReference; fileEncoding = 4; lastKnownFileType = sourcecode.swift; path = BookshelfCell.swift; sourceTree = "<group>"; };
		A9F4ED1E2232E8A3009B43BE /* ThumbnailGridCell.xib */ = {isa = PBXFileReference; fileEncoding = 4; lastKnownFileType = file.xib; path = ThumbnailGridCell.xib; sourceTree = "<group>"; };
		A9F4ED1F2232E8A3009B43BE /* BookshelfViewController.swift */ = {isa = PBXFileReference; fileEncoding = 4; lastKnownFileType = sourcecode.swift; path = BookshelfViewController.swift; sourceTree = "<group>"; };
		A9F4ED212232E8A3009B43BE /* SearchResultsCell.xib */ = {isa = PBXFileReference; fileEncoding = 4; lastKnownFileType = file.xib; path = SearchResultsCell.xib; sourceTree = "<group>"; };
		A9F4ED222232E8A3009B43BE /* LaunchScreen.storyboard */ = {isa = PBXFileReference; fileEncoding = 4; lastKnownFileType = file.storyboard; path = LaunchScreen.storyboard; sourceTree = "<group>"; };
		A9F4ED232232E8A3009B43BE /* BookmarkViewController.swift */ = {isa = PBXFileReference; fileEncoding = 4; lastKnownFileType = sourcecode.swift; path = BookmarkViewController.swift; sourceTree = "<group>"; };
		A9F4ED382232F74D009B43BE /* MinitexUtilities.swift */ = {isa = PBXFileReference; lastKnownFileType = sourcecode.swift; path = MinitexUtilities.swift; sourceTree = "<group>"; };
/* End PBXFileReference section */

/* Begin PBXFrameworksBuildPhase section */
		52EB735F2092676D003E8D00 /* Frameworks */ = {
			isa = PBXFrameworksBuildPhase;
			buildActionMask = 2147483647;
			files = (
			);
			runOnlyForDeploymentPostprocessing = 0;
		};
		52EB73692092676E003E8D00 /* Frameworks */ = {
			isa = PBXFrameworksBuildPhase;
			buildActionMask = 2147483647;
			files = (
				52EB736D2092676E003E8D00 /* PDFRendererProvider.framework in Frameworks */,
			);
			runOnlyForDeploymentPostprocessing = 0;
		};
/* End PBXFrameworksBuildPhase section */

/* Begin PBXGroup section */
		52EB73592092676D003E8D00 = {
			isa = PBXGroup;
			children = (
				52EB73652092676D003E8D00 /* MinitexPDFProtocols */,
				52EB73702092676E003E8D00 /* MinitexPDFProtocolsTests */,
				52EB73642092676D003E8D00 /* Products */,
			);
			sourceTree = "<group>";
		};
		52EB73642092676D003E8D00 /* Products */ = {
			isa = PBXGroup;
			children = (
				52EB73632092676D003E8D00 /* PDFRendererProvider.framework */,
				52EB736C2092676E003E8D00 /* PDFRendererProviderTests.xctest */,
			);
			name = Products;
			sourceTree = "<group>";
		};
		52EB73652092676D003E8D00 /* MinitexPDFProtocols */ = {
			isa = PBXGroup;
			children = (
				52EB73662092676E003E8D00 /* MinitexPDFProtocols.h */,
				52EB73672092676E003E8D00 /* Info.plist */,
				52EB737D2092678D003E8D00 /* MinitexPDFProtocols.swift */,
				A9CC610A22331B3A0035C722 /* DefaultMinitexImplementations.swift */,
				A9F4ED382232F74D009B43BE /* MinitexUtilities.swift */,
				A9F4ED112232E876009B43BE /* Book Reader */,
			);
			path = MinitexPDFProtocols;
			sourceTree = "<group>";
		};
		52EB73702092676E003E8D00 /* MinitexPDFProtocolsTests */ = {
			isa = PBXGroup;
			children = (
				52EB73712092676E003E8D00 /* MinitexPDFProtocolsTests.swift */,
				52EB73732092676E003E8D00 /* Info.plist */,
			);
			path = MinitexPDFProtocolsTests;
			sourceTree = "<group>";
		};
		A9F4ED112232E876009B43BE /* Book Reader */ = {
			isa = PBXGroup;
			children = (
				A9F4ED172232E8A2009B43BE /* AppearanceViewController.swift */,
				A9F4ED192232E8A2009B43BE /* Assets.xcassets */,
				A9F4ED232232E8A3009B43BE /* BookmarkViewController.swift */,
				A9F4ED1D2232E8A3009B43BE /* BookshelfCell.swift */,
				A9F4ED1F2232E8A3009B43BE /* BookshelfViewController.swift */,
				A9F4ED132232E8A2009B43BE /* BookViewController.swift */,
				A9F4ED222232E8A3009B43BE /* LaunchScreen.storyboard */,
				A9F4ED162232E8A2009B43BE /* Main.storyboard */,
				A9F4ED152232E8A2009B43BE /* OutlineCell.swift */,
				A9F4ED182232E8A2009B43BE /* OutlineViewController.swift */,
				A9F4ED1A2232E8A2009B43BE /* SearchResultsCell.swift */,
				A9F4ED212232E8A3009B43BE /* SearchResultsCell.xib */,
				A9F4ED1B2232E8A2009B43BE /* SearchViewController.swift */,
				A9F4ED122232E8A2009B43BE /* ThumbnailGridCell.swift */,
				A9F4ED1E2232E8A3009B43BE /* ThumbnailGridCell.xib */,
				A9F4ED1C2232E8A2009B43BE /* ThumbnailGridViewController.swift */,
			);
			path = "Book Reader";
			sourceTree = "<group>";
		};
/* End PBXGroup section */

/* Begin PBXHeadersBuildPhase section */
		52EB73602092676D003E8D00 /* Headers */ = {
			isa = PBXHeadersBuildPhase;
			buildActionMask = 2147483647;
			files = (
				52EB73742092676E003E8D00 /* MinitexPDFProtocols.h in Headers */,
			);
			runOnlyForDeploymentPostprocessing = 0;
		};
/* End PBXHeadersBuildPhase section */

/* Begin PBXNativeTarget section */
		52EB73622092676D003E8D00 /* PDFRendererProvider */ = {
			isa = PBXNativeTarget;
			buildConfigurationList = 52EB73772092676E003E8D00 /* Build configuration list for PBXNativeTarget "PDFRendererProvider" */;
			buildPhases = (
				52EB735E2092676D003E8D00 /* Sources */,
				52EB735F2092676D003E8D00 /* Frameworks */,
				52EB73602092676D003E8D00 /* Headers */,
				52EB73612092676D003E8D00 /* Resources */,
			);
			buildRules = (
			);
			dependencies = (
			);
			name = PDFRendererProvider;
			productName = MinitexPDFProtocols;
			productReference = 52EB73632092676D003E8D00 /* PDFRendererProvider.framework */;
			productType = "com.apple.product-type.framework";
		};
		52EB736B2092676E003E8D00 /* PDFRendererProviderTests */ = {
			isa = PBXNativeTarget;
			buildConfigurationList = 52EB737A2092676E003E8D00 /* Build configuration list for PBXNativeTarget "PDFRendererProviderTests" */;
			buildPhases = (
				52EB73682092676E003E8D00 /* Sources */,
				52EB73692092676E003E8D00 /* Frameworks */,
				52EB736A2092676E003E8D00 /* Resources */,
			);
			buildRules = (
			);
			dependencies = (
				52EB736F2092676E003E8D00 /* PBXTargetDependency */,
			);
			name = PDFRendererProviderTests;
			productName = MinitexPDFProtocolsTests;
			productReference = 52EB736C2092676E003E8D00 /* PDFRendererProviderTests.xctest */;
			productType = "com.apple.product-type.bundle.unit-test";
		};
/* End PBXNativeTarget section */

/* Begin PBXProject section */
		52EB735A2092676D003E8D00 /* Project object */ = {
			isa = PBXProject;
			attributes = {
				LastSwiftUpdateCheck = 0930;
				LastUpgradeCheck = 0930;
				ORGANIZATIONNAME = Minitex;
				TargetAttributes = {
					52EB73622092676D003E8D00 = {
						CreatedOnToolsVersion = 9.3;
						LastSwiftMigration = 1010;
					};
					52EB736B2092676E003E8D00 = {
						CreatedOnToolsVersion = 9.3;
						LastSwiftMigration = 1010;
					};
				};
			};
			buildConfigurationList = 52EB735D2092676D003E8D00 /* Build configuration list for PBXProject "PDFRendererProvider" */;
			compatibilityVersion = "Xcode 9.3";
			developmentRegion = en;
			hasScannedForEncodings = 0;
			knownRegions = (
				en,
			);
			mainGroup = 52EB73592092676D003E8D00;
			productRefGroup = 52EB73642092676D003E8D00 /* Products */;
			projectDirPath = "";
			projectRoot = "";
			targets = (
				52EB73622092676D003E8D00 /* PDFRendererProvider */,
				52EB736B2092676E003E8D00 /* PDFRendererProviderTests */,
			);
		};
/* End PBXProject section */

/* Begin PBXResourcesBuildPhase section */
		52EB73612092676D003E8D00 /* Resources */ = {
			isa = PBXResourcesBuildPhase;
			buildActionMask = 2147483647;
			files = (
				A9F4ED2B2232E8A3009B43BE /* Assets.xcassets in Resources */,
				A9F4ED302232E8A3009B43BE /* ThumbnailGridCell.xib in Resources */,
				A9F4ED332232E8A3009B43BE /* SearchResultsCell.xib in Resources */,
				A9F4ED342232E8A3009B43BE /* LaunchScreen.storyboard in Resources */,
				A9F4ED282232E8A3009B43BE /* Main.storyboard in Resources */,
			);
			runOnlyForDeploymentPostprocessing = 0;
		};
		52EB736A2092676E003E8D00 /* Resources */ = {
			isa = PBXResourcesBuildPhase;
			buildActionMask = 2147483647;
			files = (
			);
			runOnlyForDeploymentPostprocessing = 0;
		};
/* End PBXResourcesBuildPhase section */

/* Begin PBXSourcesBuildPhase section */
		52EB735E2092676D003E8D00 /* Sources */ = {
			isa = PBXSourcesBuildPhase;
			buildActionMask = 2147483647;
			files = (
				A9CC610B22331B3A0035C722 /* DefaultMinitexImplementations.swift in Sources */,
				A9F4ED312232E8A3009B43BE /* BookshelfViewController.swift in Sources */,
				A9F4ED252232E8A3009B43BE /* BookViewController.swift in Sources */,
				A9F4ED2C2232E8A3009B43BE /* SearchResultsCell.swift in Sources */,
				A9F4ED2D2232E8A3009B43BE /* SearchViewController.swift in Sources */,
				A9F4ED242232E8A3009B43BE /* ThumbnailGridCell.swift in Sources */,
				A9F4ED392232F74D009B43BE /* MinitexUtilities.swift in Sources */,
				52EB737E2092678D003E8D00 /* MinitexPDFProtocols.swift in Sources */,
				A9F4ED292232E8A3009B43BE /* AppearanceViewController.swift in Sources */,
				A9F4ED2E2232E8A3009B43BE /* ThumbnailGridViewController.swift in Sources */,
				A9F4ED2F2232E8A3009B43BE /* BookshelfCell.swift in Sources */,
				A9F4ED352232E8A3009B43BE /* BookmarkViewController.swift in Sources */,
				A9F4ED2A2232E8A3009B43BE /* OutlineViewController.swift in Sources */,
				A9F4ED272232E8A3009B43BE /* OutlineCell.swift in Sources */,
			);
			runOnlyForDeploymentPostprocessing = 0;
		};
		52EB73682092676E003E8D00 /* Sources */ = {
			isa = PBXSourcesBuildPhase;
			buildActionMask = 2147483647;
			files = (
				52EB73722092676E003E8D00 /* MinitexPDFProtocolsTests.swift in Sources */,
			);
			runOnlyForDeploymentPostprocessing = 0;
		};
/* End PBXSourcesBuildPhase section */

/* Begin PBXTargetDependency section */
		52EB736F2092676E003E8D00 /* PBXTargetDependency */ = {
			isa = PBXTargetDependency;
			target = 52EB73622092676D003E8D00 /* PDFRendererProvider */;
			targetProxy = 52EB736E2092676E003E8D00 /* PBXContainerItemProxy */;
		};
/* End PBXTargetDependency section */

/* Begin XCBuildConfiguration section */
		52EB73752092676E003E8D00 /* Debug */ = {
			isa = XCBuildConfiguration;
			buildSettings = {
				ALWAYS_SEARCH_USER_PATHS = NO;
				CLANG_ANALYZER_NONNULL = YES;
				CLANG_ANALYZER_NUMBER_OBJECT_CONVERSION = YES_AGGRESSIVE;
				CLANG_CXX_LANGUAGE_STANDARD = "gnu++14";
				CLANG_CXX_LIBRARY = "libc++";
				CLANG_ENABLE_MODULES = YES;
				CLANG_ENABLE_OBJC_ARC = YES;
				CLANG_ENABLE_OBJC_WEAK = YES;
				CLANG_WARN_BLOCK_CAPTURE_AUTORELEASING = YES;
				CLANG_WARN_BOOL_CONVERSION = YES;
				CLANG_WARN_COMMA = YES;
				CLANG_WARN_CONSTANT_CONVERSION = YES;
				CLANG_WARN_DEPRECATED_OBJC_IMPLEMENTATIONS = YES;
				CLANG_WARN_DIRECT_OBJC_ISA_USAGE = YES_ERROR;
				CLANG_WARN_DOCUMENTATION_COMMENTS = YES;
				CLANG_WARN_EMPTY_BODY = YES;
				CLANG_WARN_ENUM_CONVERSION = YES;
				CLANG_WARN_INFINITE_RECURSION = YES;
				CLANG_WARN_INT_CONVERSION = YES;
				CLANG_WARN_NON_LITERAL_NULL_CONVERSION = YES;
				CLANG_WARN_OBJC_IMPLICIT_RETAIN_SELF = YES;
				CLANG_WARN_OBJC_LITERAL_CONVERSION = YES;
				CLANG_WARN_OBJC_ROOT_CLASS = YES_ERROR;
				CLANG_WARN_RANGE_LOOP_ANALYSIS = YES;
				CLANG_WARN_STRICT_PROTOTYPES = YES;
				CLANG_WARN_SUSPICIOUS_MOVE = YES;
				CLANG_WARN_UNGUARDED_AVAILABILITY = YES_AGGRESSIVE;
				CLANG_WARN_UNREACHABLE_CODE = YES;
				CLANG_WARN__DUPLICATE_METHOD_MATCH = YES;
				CODE_SIGN_IDENTITY = "iPhone Developer";
				COPY_PHASE_STRIP = NO;
				CURRENT_PROJECT_VERSION = 1;
				DEBUG_INFORMATION_FORMAT = dwarf;
				ENABLE_STRICT_OBJC_MSGSEND = YES;
				ENABLE_TESTABILITY = YES;
				GCC_C_LANGUAGE_STANDARD = gnu11;
				GCC_DYNAMIC_NO_PIC = NO;
				GCC_NO_COMMON_BLOCKS = YES;
				GCC_OPTIMIZATION_LEVEL = 0;
				GCC_PREPROCESSOR_DEFINITIONS = (
					"DEBUG=1",
					"$(inherited)",
				);
				GCC_WARN_64_TO_32_BIT_CONVERSION = YES;
				GCC_WARN_ABOUT_RETURN_TYPE = YES_ERROR;
				GCC_WARN_UNDECLARED_SELECTOR = YES;
				GCC_WARN_UNINITIALIZED_AUTOS = YES_AGGRESSIVE;
				GCC_WARN_UNUSED_FUNCTION = YES;
				GCC_WARN_UNUSED_VARIABLE = YES;
				IPHONEOS_DEPLOYMENT_TARGET = 11.3;
				MTL_ENABLE_DEBUG_INFO = YES;
				ONLY_ACTIVE_ARCH = YES;
				SDKROOT = iphoneos;
				SWIFT_ACTIVE_COMPILATION_CONDITIONS = DEBUG;
				SWIFT_OPTIMIZATION_LEVEL = "-Onone";
				VERSIONING_SYSTEM = "apple-generic";
				VERSION_INFO_PREFIX = "";
			};
			name = Debug;
		};
		52EB73762092676E003E8D00 /* Release */ = {
			isa = XCBuildConfiguration;
			buildSettings = {
				ALWAYS_SEARCH_USER_PATHS = NO;
				CLANG_ANALYZER_NONNULL = YES;
				CLANG_ANALYZER_NUMBER_OBJECT_CONVERSION = YES_AGGRESSIVE;
				CLANG_CXX_LANGUAGE_STANDARD = "gnu++14";
				CLANG_CXX_LIBRARY = "libc++";
				CLANG_ENABLE_MODULES = YES;
				CLANG_ENABLE_OBJC_ARC = YES;
				CLANG_ENABLE_OBJC_WEAK = YES;
				CLANG_WARN_BLOCK_CAPTURE_AUTORELEASING = YES;
				CLANG_WARN_BOOL_CONVERSION = YES;
				CLANG_WARN_COMMA = YES;
				CLANG_WARN_CONSTANT_CONVERSION = YES;
				CLANG_WARN_DEPRECATED_OBJC_IMPLEMENTATIONS = YES;
				CLANG_WARN_DIRECT_OBJC_ISA_USAGE = YES_ERROR;
				CLANG_WARN_DOCUMENTATION_COMMENTS = YES;
				CLANG_WARN_EMPTY_BODY = YES;
				CLANG_WARN_ENUM_CONVERSION = YES;
				CLANG_WARN_INFINITE_RECURSION = YES;
				CLANG_WARN_INT_CONVERSION = YES;
				CLANG_WARN_NON_LITERAL_NULL_CONVERSION = YES;
				CLANG_WARN_OBJC_IMPLICIT_RETAIN_SELF = YES;
				CLANG_WARN_OBJC_LITERAL_CONVERSION = YES;
				CLANG_WARN_OBJC_ROOT_CLASS = YES_ERROR;
				CLANG_WARN_RANGE_LOOP_ANALYSIS = YES;
				CLANG_WARN_STRICT_PROTOTYPES = YES;
				CLANG_WARN_SUSPICIOUS_MOVE = YES;
				CLANG_WARN_UNGUARDED_AVAILABILITY = YES_AGGRESSIVE;
				CLANG_WARN_UNREACHABLE_CODE = YES;
				CLANG_WARN__DUPLICATE_METHOD_MATCH = YES;
				CODE_SIGN_IDENTITY = "iPhone Developer";
				COPY_PHASE_STRIP = NO;
				CURRENT_PROJECT_VERSION = 1;
				DEBUG_INFORMATION_FORMAT = "dwarf-with-dsym";
				ENABLE_NS_ASSERTIONS = NO;
				ENABLE_STRICT_OBJC_MSGSEND = YES;
				GCC_C_LANGUAGE_STANDARD = gnu11;
				GCC_NO_COMMON_BLOCKS = YES;
				GCC_WARN_64_TO_32_BIT_CONVERSION = YES;
				GCC_WARN_ABOUT_RETURN_TYPE = YES_ERROR;
				GCC_WARN_UNDECLARED_SELECTOR = YES;
				GCC_WARN_UNINITIALIZED_AUTOS = YES_AGGRESSIVE;
				GCC_WARN_UNUSED_FUNCTION = YES;
				GCC_WARN_UNUSED_VARIABLE = YES;
				IPHONEOS_DEPLOYMENT_TARGET = 11.3;
				MTL_ENABLE_DEBUG_INFO = NO;
				SDKROOT = iphoneos;
				SWIFT_COMPILATION_MODE = wholemodule;
				SWIFT_OPTIMIZATION_LEVEL = "-O";
				VALIDATE_PRODUCT = YES;
				VERSIONING_SYSTEM = "apple-generic";
				VERSION_INFO_PREFIX = "";
			};
			name = Release;
		};
		52EB73782092676E003E8D00 /* Debug */ = {
			isa = XCBuildConfiguration;
			buildSettings = {
				BITCODE_GENERATION_MODE = bitcode;
				CLANG_ENABLE_MODULES = YES;
				CODE_SIGN_IDENTITY = "";
				CODE_SIGN_STYLE = Automatic;
				DEFINES_MODULE = YES;
				DEVELOPMENT_TEAM = LDV59YSPLA;
				DYLIB_COMPATIBILITY_VERSION = 1;
				DYLIB_CURRENT_VERSION = 1;
				DYLIB_INSTALL_NAME_BASE = "@rpath";
				INFOPLIST_FILE = MinitexPDFProtocols/Info.plist;
				INSTALL_PATH = "$(LOCAL_LIBRARY_DIR)/Frameworks";
				IPHONEOS_DEPLOYMENT_TARGET = 9.3;
				LD_RUNPATH_SEARCH_PATHS = (
					"$(inherited)",
					"@executable_path/Frameworks",
					"@loader_path/Frameworks",
				);
				PRODUCT_BUNDLE_IDENTIFIER = edu.umn.minitex.simplye.MinitexPDFProtocols;
				PRODUCT_NAME = "$(TARGET_NAME:c99extidentifier)";
				SKIP_INSTALL = YES;
				SWIFT_OPTIMIZATION_LEVEL = "-Onone";
				SWIFT_VERSION = 4.2;
				TARGETED_DEVICE_FAMILY = "1,2";
			};
			name = Debug;
		};
		52EB73792092676E003E8D00 /* Release */ = {
			isa = XCBuildConfiguration;
			buildSettings = {
				BITCODE_GENERATION_MODE = bitcode;
				CLANG_ENABLE_MODULES = YES;
				CODE_SIGN_IDENTITY = "";
				CODE_SIGN_STYLE = Automatic;
				DEFINES_MODULE = YES;
				DEVELOPMENT_TEAM = LDV59YSPLA;
				DYLIB_COMPATIBILITY_VERSION = 1;
				DYLIB_CURRENT_VERSION = 1;
				DYLIB_INSTALL_NAME_BASE = "@rpath";
				INFOPLIST_FILE = MinitexPDFProtocols/Info.plist;
				INSTALL_PATH = "$(LOCAL_LIBRARY_DIR)/Frameworks";
				IPHONEOS_DEPLOYMENT_TARGET = 9.3;
				LD_RUNPATH_SEARCH_PATHS = (
					"$(inherited)",
					"@executable_path/Frameworks",
					"@loader_path/Frameworks",
				);
				PRODUCT_BUNDLE_IDENTIFIER = edu.umn.minitex.simplye.MinitexPDFProtocols;
				PRODUCT_NAME = "$(TARGET_NAME:c99extidentifier)";
				SKIP_INSTALL = YES;
				SWIFT_VERSION = 4.2;
				TARGETED_DEVICE_FAMILY = "1,2";
			};
			name = Release;
		};
		52EB737B2092676E003E8D00 /* Debug */ = {
			isa = XCBuildConfiguration;
			buildSettings = {
				ALWAYS_EMBED_SWIFT_STANDARD_LIBRARIES = YES;
				CODE_SIGN_STYLE = Automatic;
				DEVELOPMENT_TEAM = K97KHP3ZWG;
				INFOPLIST_FILE = MinitexPDFProtocolsTests/Info.plist;
				LD_RUNPATH_SEARCH_PATHS = (
					"$(inherited)",
					"@executable_path/Frameworks",
					"@loader_path/Frameworks",
				);
				PRODUCT_BUNDLE_IDENTIFIER = edu.umn.minitex.simplye.MinitexPDFProtocolsTests;
				PRODUCT_NAME = "$(TARGET_NAME)";
				SWIFT_VERSION = 4.2;
				TARGETED_DEVICE_FAMILY = "1,2";
			};
			name = Debug;
		};
		52EB737C2092676E003E8D00 /* Release */ = {
			isa = XCBuildConfiguration;
			buildSettings = {
				ALWAYS_EMBED_SWIFT_STANDARD_LIBRARIES = YES;
				CODE_SIGN_STYLE = Automatic;
				DEVELOPMENT_TEAM = K97KHP3ZWG;
				INFOPLIST_FILE = MinitexPDFProtocolsTests/Info.plist;
				LD_RUNPATH_SEARCH_PATHS = (
					"$(inherited)",
					"@executable_path/Frameworks",
					"@loader_path/Frameworks",
				);
				PRODUCT_BUNDLE_IDENTIFIER = edu.umn.minitex.simplye.MinitexPDFProtocolsTests;
				PRODUCT_NAME = "$(TARGET_NAME)";
				SWIFT_VERSION = 4.2;
				TARGETED_DEVICE_FAMILY = "1,2";
			};
			name = Release;
		};
/* End XCBuildConfiguration section */

/* Begin XCConfigurationList section */
		52EB735D2092676D003E8D00 /* Build configuration list for PBXProject "PDFRendererProvider" */ = {
			isa = XCConfigurationList;
			buildConfigurations = (
				52EB73752092676E003E8D00 /* Debug */,
				52EB73762092676E003E8D00 /* Release */,
			);
			defaultConfigurationIsVisible = 0;
			defaultConfigurationName = Release;
		};
		52EB73772092676E003E8D00 /* Build configuration list for PBXNativeTarget "PDFRendererProvider" */ = {
			isa = XCConfigurationList;
			buildConfigurations = (
				52EB73782092676E003E8D00 /* Debug */,
				52EB73792092676E003E8D00 /* Release */,
			);
			defaultConfigurationIsVisible = 0;
			defaultConfigurationName = Release;
		};
		52EB737A2092676E003E8D00 /* Build configuration list for PBXNativeTarget "PDFRendererProviderTests" */ = {
			isa = XCConfigurationList;
			buildConfigurations = (
				52EB737B2092676E003E8D00 /* Debug */,
				52EB737C2092676E003E8D00 /* Release */,
			);
			defaultConfigurationIsVisible = 0;
			defaultConfigurationName = Release;
		};
/* End XCConfigurationList section */
	};
	rootObject = 52EB735A2092676D003E8D00 /* Project object */;
}
